// !$*UTF8*$!
{
	archiveVersion = 1;
	classes = {
	};
	objectVersion = 46;
	objects = {

/* Begin PBXBuildFile section */
		82181F181B38CD9700A6E413 /* AppDelegate.swift in Sources */ = {isa = PBXBuildFile; fileRef = 82181F171B38CD9700A6E413 /* AppDelegate.swift */; };
		82181F1A1B38CD9700A6E413 /* ViewController.swift in Sources */ = {isa = PBXBuildFile; fileRef = 82181F191B38CD9700A6E413 /* ViewController.swift */; };
		82181F1D1B38CD9800A6E413 /* Main.storyboard in Resources */ = {isa = PBXBuildFile; fileRef = 82181F1B1B38CD9800A6E413 /* Main.storyboard */; };
		82181F1F1B38CD9800A6E413 /* Images.xcassets in Resources */ = {isa = PBXBuildFile; fileRef = 82181F1E1B38CD9800A6E413 /* Images.xcassets */; };
		82181F221B38CD9800A6E413 /* LaunchScreen.xib in Resources */ = {isa = PBXBuildFile; fileRef = 82181F201B38CD9800A6E413 /* LaunchScreen.xib */; };
		82181F2E1B38CD9800A6E413 /* NSTGRMTests.swift in Sources */ = {isa = PBXBuildFile; fileRef = 82181F2D1B38CD9800A6E413 /* NSTGRMTests.swift */; };
/* End PBXBuildFile section */

/* Begin PBXContainerItemProxy section */
		82181F281B38CD9800A6E413 /* PBXContainerItemProxy */ = {
			isa = PBXContainerItemProxy;
			containerPortal = 82181F0A1B38CD9700A6E413 /* Project object */;
			proxyType = 1;
			remoteGlobalIDString = 82181F111B38CD9700A6E413;
			remoteInfo = NSTGRM;
		};
/* End PBXContainerItemProxy section */

/* Begin PBXFileReference section */
		82181F121B38CD9700A6E413 /* NSTGRM.app */ = {isa = PBXFileReference; explicitFileType = wrapper.application; includeInIndex = 0; path = NSTGRM.app; sourceTree = BUILT_PRODUCTS_DIR; };
		82181F161B38CD9700A6E413 /* Info.plist */ = {isa = PBXFileReference; lastKnownFileType = text.plist.xml; path = Info.plist; sourceTree = "<group>"; };
		82181F171B38CD9700A6E413 /* AppDelegate.swift */ = {isa = PBXFileReference; lastKnownFileType = sourcecode.swift; path = AppDelegate.swift; sourceTree = "<group>"; };
		82181F191B38CD9700A6E413 /* ViewController.swift */ = {isa = PBXFileReference; lastKnownFileType = sourcecode.swift; path = ViewController.swift; sourceTree = "<group>"; };
		82181F1C1B38CD9800A6E413 /* Base */ = {isa = PBXFileReference; lastKnownFileType = file.storyboard; name = Base; path = Base.lproj/Main.storyboard; sourceTree = "<group>"; };
		82181F1E1B38CD9800A6E413 /* Images.xcassets */ = {isa = PBXFileReference; lastKnownFileType = folder.assetcatalog; path = Images.xcassets; sourceTree = "<group>"; };
		82181F211B38CD9800A6E413 /* Base */ = {isa = PBXFileReference; lastKnownFileType = file.xib; name = Base; path = Base.lproj/LaunchScreen.xib; sourceTree = "<group>"; };
		82181F271B38CD9800A6E413 /* NSTGRMTests.xctest */ = {isa = PBXFileReference; explicitFileType = wrapper.cfbundle; includeInIndex = 0; path = NSTGRMTests.xctest; sourceTree = BUILT_PRODUCTS_DIR; };
		82181F2C1B38CD9800A6E413 /* Info.plist */ = {isa = PBXFileReference; lastKnownFileType = text.plist.xml; path = Info.plist; sourceTree = "<group>"; };
		82181F2D1B38CD9800A6E413 /* NSTGRMTests.swift */ = {isa = PBXFileReference; lastKnownFileType = sourcecode.swift; path = NSTGRMTests.swift; sourceTree = "<group>"; };
/* End PBXFileReference section */

/* Begin PBXFrameworksBuildPhase section */
		82181F0F1B38CD9700A6E413 /* Frameworks */ = {
			isa = PBXFrameworksBuildPhase;
			buildActionMask = 2147483647;
			files = (
			);
			runOnlyForDeploymentPostprocessing = 0;
		};
		82181F241B38CD9800A6E413 /* Frameworks */ = {
			isa = PBXFrameworksBuildPhase;
			buildActionMask = 2147483647;
			files = (
			);
			runOnlyForDeploymentPostprocessing = 0;
		};
/* End PBXFrameworksBuildPhase section */

/* Begin PBXGroup section */
		82181F091B38CD9700A6E413 = {
			isa = PBXGroup;
			children = (
				82181F141B38CD9700A6E413 /* NSTGRM */,
				82181F2A1B38CD9800A6E413 /* NSTGRMTests */,
				82181F131B38CD9700A6E413 /* Products */,
			);
			sourceTree = "<group>";
		};
		82181F131B38CD9700A6E413 /* Products */ = {
			isa = PBXGroup;
			children = (
				82181F121B38CD9700A6E413 /* NSTGRM.app */,
				82181F271B38CD9800A6E413 /* NSTGRMTests.xctest */,
			);
			name = Products;
			sourceTree = "<group>";
		};
		82181F141B38CD9700A6E413 /* NSTGRM */ = {
			isa = PBXGroup;
			children = (
				82181F171B38CD9700A6E413 /* AppDelegate.swift */,
				82181F191B38CD9700A6E413 /* ViewController.swift */,
				82181F1B1B38CD9800A6E413 /* Main.storyboard */,
				82181F1E1B38CD9800A6E413 /* Images.xcassets */,
				82181F201B38CD9800A6E413 /* LaunchScreen.xib */,
				82181F151B38CD9700A6E413 /* Supporting Files */,
			);
			path = NSTGRM;
			sourceTree = "<group>";
		};
		82181F151B38CD9700A6E413 /* Supporting Files */ = {
			isa = PBXGroup;
			children = (
				82181F161B38CD9700A6E413 /* Info.plist */,
			);
			name = "Supporting Files";
			sourceTree = "<group>";
		};
		82181F2A1B38CD9800A6E413 /* NSTGRMTests */ = {
			isa = PBXGroup;
			children = (
				82181F2D1B38CD9800A6E413 /* NSTGRMTests.swift */,
				82181F2B1B38CD9800A6E413 /* Supporting Files */,
			);
			path = NSTGRMTests;
			sourceTree = "<group>";
		};
		82181F2B1B38CD9800A6E413 /* Supporting Files */ = {
			isa = PBXGroup;
			children = (
				82181F2C1B38CD9800A6E413 /* Info.plist */,
			);
			name = "Supporting Files";
			sourceTree = "<group>";
		};
/* End PBXGroup section */

/* Begin PBXNativeTarget section */
		82181F111B38CD9700A6E413 /* NSTGRM */ = {
			isa = PBXNativeTarget;
			buildConfigurationList = 82181F311B38CD9800A6E413 /* Build configuration list for PBXNativeTarget "NSTGRM" */;
			buildPhases = (
				82181F0E1B38CD9700A6E413 /* Sources */,
				82181F0F1B38CD9700A6E413 /* Frameworks */,
				82181F101B38CD9700A6E413 /* Resources */,
			);
			buildRules = (
			);
			dependencies = (
			);
			name = NSTGRM;
			productName = NSTGRM;
			productReference = 82181F121B38CD9700A6E413 /* NSTGRM.app */;
			productType = "com.apple.product-type.application";
		};
		82181F261B38CD9800A6E413 /* NSTGRMTests */ = {
			isa = PBXNativeTarget;
			buildConfigurationList = 82181F341B38CD9800A6E413 /* Build configuration list for PBXNativeTarget "NSTGRMTests" */;
			buildPhases = (
				82181F231B38CD9800A6E413 /* Sources */,
				82181F241B38CD9800A6E413 /* Frameworks */,
				82181F251B38CD9800A6E413 /* Resources */,
			);
			buildRules = (
			);
			dependencies = (
				82181F291B38CD9800A6E413 /* PBXTargetDependency */,
			);
			name = NSTGRMTests;
			productName = NSTGRMTests;
			productReference = 82181F271B38CD9800A6E413 /* NSTGRMTests.xctest */;
			productType = "com.apple.product-type.bundle.unit-test";
		};
/* End PBXNativeTarget section */

/* Begin PBXProject section */
		82181F0A1B38CD9700A6E413 /* Project object */ = {
			isa = PBXProject;
			attributes = {
				LastUpgradeCheck = 0630;
				ORGANIZATIONNAME = Lindemann;
				TargetAttributes = {
					82181F111B38CD9700A6E413 = {
						CreatedOnToolsVersion = 6.3.2;
					};
					82181F261B38CD9800A6E413 = {
						CreatedOnToolsVersion = 6.3.2;
						TestTargetID = 82181F111B38CD9700A6E413;
					};
				};
			};
			buildConfigurationList = 82181F0D1B38CD9700A6E413 /* Build configuration list for PBXProject "NSTGRM" */;
			compatibilityVersion = "Xcode 3.2";
			developmentRegion = English;
			hasScannedForEncodings = 0;
			knownRegions = (
				en,
				Base,
			);
			mainGroup = 82181F091B38CD9700A6E413;
			productRefGroup = 82181F131B38CD9700A6E413 /* Products */;
			projectDirPath = "";
			projectRoot = "";
			targets = (
				82181F111B38CD9700A6E413 /* NSTGRM */,
				82181F261B38CD9800A6E413 /* NSTGRMTests */,
			);
		};
/* End PBXProject section */

/* Begin PBXResourcesBuildPhase section */
		82181F101B38CD9700A6E413 /* Resources */ = {
			isa = PBXResourcesBuildPhase;
			buildActionMask = 2147483647;
			files = (
				82181F1D1B38CD9800A6E413 /* Main.storyboard in Resources */,
				82181F221B38CD9800A6E413 /* LaunchScreen.xib in Resources */,
				82181F1F1B38CD9800A6E413 /* Images.xcassets in Resources */,
			);
			runOnlyForDeploymentPostprocessing = 0;
		};
		82181F251B38CD9800A6E413 /* Resources */ = {
			isa = PBXResourcesBuildPhase;
			buildActionMask = 2147483647;
			files = (
			);
			runOnlyForDeploymentPostprocessing = 0;
		};
/* End PBXResourcesBuildPhase section */

/* Begin PBXSourcesBuildPhase section */
		82181F0E1B38CD9700A6E413 /* Sources */ = {
			isa = PBXSourcesBuildPhase;
			buildActionMask = 2147483647;
			files = (
				82181F1A1B38CD9700A6E413 /* ViewController.swift in Sources */,
				82181F181B38CD9700A6E413 /* AppDelegate.swift in Sources */,
			);
			runOnlyForDeploymentPostprocessing = 0;
		};
		82181F231B38CD9800A6E413 /* Sources */ = {
			isa = PBXSourcesBuildPhase;
			buildActionMask = 2147483647;
			files = (
				82181F2E1B38CD9800A6E413 /* NSTGRMTests.swift in Sources */,
			);
			runOnlyForDeploymentPostprocessing = 0;
		};
/* End PBXSourcesBuildPhase section */

/* Begin PBXTargetDependency section */
		82181F291B38CD9800A6E413 /* PBXTargetDependency */ = {
			isa = PBXTargetDependency;
			target = 82181F111B38CD9700A6E413 /* NSTGRM */;
			targetProxy = 82181F281B38CD9800A6E413 /* PBXContainerItemProxy */;
		};
/* End PBXTargetDependency section */

/* Begin PBXVariantGroup section */
		82181F1B1B38CD9800A6E413 /* Main.storyboard */ = {
			isa = PBXVariantGroup;
			children = (
				82181F1C1B38CD9800A6E413 /* Base */,
			);
			name = Main.storyboard;
			sourceTree = "<group>";
		};
		82181F201B38CD9800A6E413 /* LaunchScreen.xib */ = {
			isa = PBXVariantGroup;
			children = (
				82181F211B38CD9800A6E413 /* Base */,
			);
			name = LaunchScreen.xib;
			sourceTree = "<group>";
		};
/* End PBXVariantGroup section */

/* Begin XCBuildConfiguration section */
		82181F2F1B38CD9800A6E413 /* Debug */ = {
			isa = XCBuildConfiguration;
			buildSettings = {
				ALWAYS_SEARCH_USER_PATHS = NO;
				CLANG_CXX_LANGUAGE_STANDARD = "gnu++0x";
				CLANG_CXX_LIBRARY = "libc++";
				CLANG_ENABLE_MODULES = YES;
				CLANG_ENABLE_OBJC_ARC = YES;
				CLANG_WARN_BOOL_CONVERSION = YES;
				CLANG_WARN_CONSTANT_CONVERSION = YES;
				CLANG_WARN_DIRECT_OBJC_ISA_USAGE = YES_ERROR;
				CLANG_WARN_EMPTY_BODY = YES;
				CLANG_WARN_ENUM_CONVERSION = YES;
				CLANG_WARN_INT_CONVERSION = YES;
				CLANG_WARN_OBJC_ROOT_CLASS = YES_ERROR;
				CLANG_WARN_UNREACHABLE_CODE = YES;
				CLANG_WARN__DUPLICATE_METHOD_MATCH = YES;
				"CODE_SIGN_IDENTITY[sdk=iphoneos*]" = "iPhone Developer";
				COPY_PHASE_STRIP = NO;
				DEBUG_INFORMATION_FORMAT = "dwarf-with-dsym";
				ENABLE_STRICT_OBJC_MSGSEND = YES;
				GCC_C_LANGUAGE_STANDARD = gnu99;
				GCC_DYNAMIC_NO_PIC = NO;
				GCC_NO_COMMON_BLOCKS = YES;
				GCC_OPTIMIZATION_LEVEL = 0;
				GCC_PREPROCESSOR_DEFINITIONS = (
					"DEBUG=1",
					"$(inherited)",
				);
				GCC_SYMBOLS_PRIVATE_EXTERN = NO;
				GCC_WARN_64_TO_32_BIT_CONVERSION = YES;
				GCC_WARN_ABOUT_RETURN_TYPE = YES_ERROR;
				GCC_WARN_UNDECLARED_SELECTOR = YES;
				GCC_WARN_UNINITIALIZED_AUTOS = YES_AGGRESSIVE;
				GCC_WARN_UNUSED_FUNCTION = YES;
				GCC_WARN_UNUSED_VARIABLE = YES;
				IPHONEOS_DEPLOYMENT_TARGET = 8.3;
				MTL_ENABLE_DEBUG_INFO = YES;
				ONLY_ACTIVE_ARCH = YES;
				SDKROOT = iphoneos;
				SWIFT_OPTIMIZATION_LEVEL = "-Onone";
				TARGETED_DEVICE_FAMILY = "1,2";
			};
			name = Debug;
		};
		82181F301B38CD9800A6E413 /* Release */ = {
			isa = XCBuildConfiguration;
			buildSettings = {
				ALWAYS_SEARCH_USER_PATHS = NO;
				CLANG_CXX_LANGUAGE_STANDARD = "gnu++0x";
				CLANG_CXX_LIBRARY = "libc++";
				CLANG_ENABLE_MODULES = YES;
				CLANG_ENABLE_OBJC_ARC = YES;
				CLANG_WARN_BOOL_CONVERSION = YES;
				CLANG_WARN_CONSTANT_CONVERSION = YES;
				CLANG_WARN_DIRECT_OBJC_ISA_USAGE = YES_ERROR;
				CLANG_WARN_EMPTY_BODY = YES;
				CLANG_WARN_ENUM_CONVERSION = YES;
				CLANG_WARN_INT_CONVERSION = YES;
				CLANG_WARN_OBJC_ROOT_CLASS = YES_ERROR;
				CLANG_WARN_UNREACHABLE_CODE = YES;
				CLANG_WARN__DUPLICATE_METHOD_MATCH = YES;
				"CODE_SIGN_IDENTITY[sdk=iphoneos*]" = "iPhone Developer";
				COPY_PHASE_STRIP = NO;
				DEBUG_INFORMATION_FORMAT = "dwarf-with-dsym";
				ENABLE_NS_ASSERTIONS = NO;
				ENABLE_STRICT_OBJC_MSGSEND = YES;
				GCC_C_LANGUAGE_STANDARD = gnu99;
				GCC_NO_COMMON_BLOCKS = YES;
				GCC_WARN_64_TO_32_BIT_CONVERSION = YES;
				GCC_WARN_ABOUT_RETURN_TYPE = YES_ERROR;
				GCC_WARN_UNDECLARED_SELECTOR = YES;
				GCC_WARN_UNINITIALIZED_AUTOS = YES_AGGRESSIVE;
				GCC_WARN_UNUSED_FUNCTION = YES;
				GCC_WARN_UNUSED_VARIABLE = YES;
				IPHONEOS_DEPLOYMENT_TARGET = 8.3;
				MTL_ENABLE_DEBUG_INFO = NO;
				SDKROOT = iphoneos;
				TARGETED_DEVICE_FAMILY = "1,2";
				VALIDATE_PRODUCT = YES;
			};
			name = Release;
		};
		82181F321B38CD9800A6E413 /* Debug */ = {
			isa = XCBuildConfiguration;
			buildSettings = {
				ASSETCATALOG_COMPILER_APPICON_NAME = AppIcon;
				INFOPLIST_FILE = NSTGRM/Info.plist;
				LD_RUNPATH_SEARCH_PATHS = "$(inherited) @executable_path/Frameworks";
				PRODUCT_NAME = "$(TARGET_NAME)";
			};
			name = Debug;
		};
		82181F331B38CD9800A6E413 /* Release */ = {
			isa = XCBuildConfiguration;
			buildSettings = {
				ASSETCATALOG_COMPILER_APPICON_NAME = AppIcon;
				INFOPLIST_FILE = NSTGRM/Info.plist;
				LD_RUNPATH_SEARCH_PATHS = "$(inherited) @executable_path/Frameworks";
				PRODUCT_NAME = "$(TARGET_NAME)";
			};
			name = Release;
		};
		82181F351B38CD9800A6E413 /* Debug */ = {
			isa = XCBuildConfiguration;
			buildSettings = {
				BUNDLE_LOADER = "$(TEST_HOST)";
				FRAMEWORK_SEARCH_PATHS = (
					"$(SDKROOT)/Developer/Library/Frameworks",
					"$(inherited)",
				);
				GCC_PREPROCESSOR_DEFINITIONS = (
					"DEBUG=1",
					"$(inherited)",
				);
				INFOPLIST_FILE = NSTGRMTests/Info.plist;
				LD_RUNPATH_SEARCH_PATHS = "$(inherited) @executable_path/Frameworks @loader_path/Frameworks";
				PRODUCT_NAME = "$(TARGET_NAME)";
				TEST_HOST = "$(BUILT_PRODUCTS_DIR)/NSTGRM.app/NSTGRM";
			};
			name = Debug;
		};
		82181F361B38CD9800A6E413 /* Release */ = {
			isa = XCBuildConfiguration;
			buildSettings = {
				BUNDLE_LOADER = "$(TEST_HOST)";
				FRAMEWORK_SEARCH_PATHS = (
					"$(SDKROOT)/Developer/Library/Frameworks",
					"$(inherited)",
				);
				INFOPLIST_FILE = NSTGRMTests/Info.plist;
				LD_RUNPATH_SEARCH_PATHS = "$(inherited) @executable_path/Frameworks @loader_path/Frameworks";
				PRODUCT_NAME = "$(TARGET_NAME)";
				TEST_HOST = "$(BUILT_PRODUCTS_DIR)/NSTGRM.app/NSTGRM";
			};
			name = Release;
		};
/* End XCBuildConfiguration section */

/* Begin XCConfigurationList section */
		82181F0D1B38CD9700A6E413 /* Build configuration list for PBXProject "NSTGRM" */ = {
			isa = XCConfigurationList;
			buildConfigurations = (
				82181F2F1B38CD9800A6E413 /* Debug */,
				82181F301B38CD9800A6E413 /* Release */,
			);
			defaultConfigurationIsVisible = 0;
			defaultConfigurationName = Release;
		};
		82181F311B38CD9800A6E413 /* Build configuration list for PBXNativeTarget "NSTGRM" */ = {
			isa = XCConfigurationList;
			buildConfigurations = (
				82181F321B38CD9800A6E413 /* Debug */,
				82181F331B38CD9800A6E413 /* Release */,
			);
			defaultConfigurationIsVisible = 0;
		};
		82181F341B38CD9800A6E413 /* Build configuration list for PBXNativeTarget "NSTGRMTests" */ = {
			isa = XCConfigurationList;
			buildConfigurations = (
				82181F351B38CD9800A6E413 /* Debug */,
				82181F361B38CD9800A6E413 /* Release */,
			);
			defaultConfigurationIsVisible = 0;
		};
/* End XCConfigurationList section */
	};
	rootObject = 82181F0A1B38CD9700A6E413 /* Project object */;
}
